
Microsoft Visual Studio Solution File, Format Version 9.00
# Visual Studio 2005
Project("{FAE04EC0-301F-11D3-BF4B-00C04F79EFBC}") = "MFEditorForm", "NewMapMF\MFEditorForm.csproj", "{49BB3C23-2698-4942-B8B4-396542107A5B}"
EndProject
Global
	GlobalSection(SolutionConfigurationPlatforms) = preSolution
		Debug|Any CPU = Debug|Any CPU
		Release|Any CPU = Release|Any CPU
	EndGlobalSection
	GlobalSection(ProjectConfigurationPlatforms) = postSolution
		{49BB3C23-2698-4942-B8B4-396542107A5B}.Debug|Any CPU.ActiveCfg = Debug|Any CPU
		{49BB3C23-2698-4942-B8B4-396542107A5B}.Debug|Any CPU.Build.0 = Debug|Any CPU
		{49BB3C23-2698-4942-B8B4-396542107A5B}.Release|Any CPU.ActiveCfg = Release|Any CPU
		{49BB3C23-2698-4942-B8B4-396542107A5B}.Release|Any CPU.Build.0 = Release|Any CPU
	EndGlobalSection
	GlobalSection(SolutionProperties) = preSolution
		HideSolutionNode = FALSE
	EndGlobalSection
EndGlobal
